
Microsoft Visual Studio Solution File, Format Version 12.00
# Visual Studio Version 17
VisualStudioVersion = 17.7.34009.444
MinimumVisualStudioVersion = 10.0.40219.1
Project("{FAE04EC0-301F-11D3-BF4B-00C04F79EFBC}") = "mySolarPower.API", "mySolarPower.API\mySolarPower.API.csproj", "{8DBAD54F-53B2-40BA-B727-FCF16FCE215E}"
EndProject
Global
	GlobalSection(SolutionConfigurationPlatforms) = preSolution
		Debug|Any CPU = Debug|Any CPU
		Release|Any CPU = Release|Any CPU
	EndGlobalSection
	GlobalSection(ProjectConfigurationPlatforms) = postSolution
		{8DBAD54F-53B2-40BA-B727-FCF16FCE215E}.Debug|Any CPU.ActiveCfg = Debug|Any CPU
		{8DBAD54F-53B2-40BA-B727-FCF16FCE215E}.Debug|Any CPU.Build.0 = Debug|Any CPU
		{8DBAD54F-53B2-40BA-B727-FCF16FCE215E}.Release|Any CPU.ActiveCfg = Release|Any CPU
		{8DBAD54F-53B2-40BA-B727-FCF16FCE215E}.Release|Any CPU.Build.0 = Release|Any CPU
	EndGlobalSection
	GlobalSection(SolutionProperties) = preSolution
		HideSolutionNode = FALSE
	EndGlobalSection
	GlobalSection(ExtensibilityGlobals) = postSolution
		SolutionGuid = {AE6BC405-4C7E-4BDA-8285-428A7A514EBF}
	EndGlobalSection
EndGlobal
